
Microsoft Visual Studio Solution File, Format Version 12.00
# Visual Studio 15
VisualStudioVersion = 15.0.28307.421
MinimumVisualStudioVersion = 10.0.40219.1
Project("{FAE04EC0-301F-11D3-BF4B-00C04F79EFBC}") = "VirtualVacuumRobot", "VirtualVacuumRobot\VirtualVacuumRobot.csproj", "{C350C45C-7EF0-4C71-8A7C-A9D5B5BAEB89}"
EndProject
Global
	GlobalSection(SolutionConfigurationPlatforms) = preSolution
		Debug|Any CPU = Debug|Any CPU
		Release|Any CPU = Release|Any CPU
	EndGlobalSection
	GlobalSection(ProjectConfigurationPlatforms) = postSolution
		{C350C45C-7EF0-4C71-8A7C-A9D5B5BAEB89}.Debug|Any CPU.ActiveCfg = Debug|Any CPU
		{C350C45C-7EF0-4C71-8A7C-A9D5B5BAEB89}.Debug|Any CPU.Build.0 = Debug|Any CPU
		{C350C45C-7EF0-4C71-8A7C-A9D5B5BAEB89}.Release|Any CPU.ActiveCfg = Release|Any CPU
		{C350C45C-7EF0-4C71-8A7C-A9D5B5BAEB89}.Release|Any CPU.Build.0 = Release|Any CPU
	EndGlobalSection
	GlobalSection(SolutionProperties) = preSolution
		HideSolutionNode = FALSE
	EndGlobalSection
	GlobalSection(ExtensibilityGlobals) = postSolution
		SolutionGuid = {B773A9BA-FCD1-4849-9AB1-89CDAF7B91BD}
	EndGlobalSection
EndGlobal
